
Microsoft Visual Studio Solution File, Format Version 12.00
# Visual Studio 15
VisualStudioVersion = 15.0.26228.18
MinimumVisualStudioVersion = 10.0.40219.1
Project("{FAE04EC0-301F-11D3-BF4B-00C04F79EFBC}") = "BuscarDispositivo.Android", "BuscarDispositivo\BuscarDispositivo.Android\BuscarDispositivo.Android.csproj", "{F83E5038-8A8D-4F27-B5D5-39C399F0BF34}"
EndProject
Project("{FAE04EC0-301F-11D3-BF4B-00C04F79EFBC}") = "BuscarDispositivo", "BuscarDispositivo\BuscarDispositivo\BuscarDispositivo.csproj", "{7CE245B9-0209-4AD7-BD72-103566CF696E}"
EndProject
Project("{FAE04EC0-301F-11D3-BF4B-00C04F79EFBC}") = "BuscarDispositivo.UWP", "BuscarDispositivo\BuscarDispositivo.UWP\BuscarDispositivo.UWP.csproj", "{81A9D696-91D8-4360-89F1-4EF372C0D655}"
EndProject
Project("{FAE04EC0-301F-11D3-BF4B-00C04F79EFBC}") = "BuscarDispositivo.iOS", "BuscarDispositivo\BuscarDispositivo.iOS\BuscarDispositivo.iOS.csproj", "{3832FC53-5CF4-4D1A-AECC-8B363B23BC2D}"
EndProject
Global
	GlobalSection(SolutionConfigurationPlatforms) = preSolution
		Ad-Hoc|Any CPU = Ad-Hoc|Any CPU
		Ad-Hoc|ARM = Ad-Hoc|ARM
		Ad-Hoc|iPhone = Ad-Hoc|iPhone
		Ad-Hoc|iPhoneSimulator = Ad-Hoc|iPhoneSimulator
		Ad-Hoc|x64 = Ad-Hoc|x64
		Ad-Hoc|x86 = Ad-Hoc|x86
		AppStore|Any CPU = AppStore|Any CPU
		AppStore|ARM = AppStore|ARM
		AppStore|iPhone = AppStore|iPhone
		AppStore|iPhoneSimulator = AppStore|iPhoneSimulator
		AppStore|x64 = AppStore|x64
		AppStore|x86 = AppStore|x86
		Debug|Any CPU = Debug|Any CPU
		Debug|ARM = Debug|ARM
		Debug|iPhone = Debug|iPhone
		Debug|iPhoneSimulator = Debug|iPhoneSimulator
		Debug|x64 = Debug|x64
		Debug|x86 = Debug|x86
		Release|Any CPU = Release|Any CPU
		Release|ARM = Release|ARM
		Release|iPhone = Release|iPhone
		Release|iPhoneSimulator = Release|iPhoneSimulator
		Release|x64 = Release|x64
		Release|x86 = Release|x86
	EndGlobalSection
	GlobalSection(ProjectConfigurationPlatforms) = postSolution
		{F83E5038-8A8D-4F27-B5D5-39C399F0BF34}.Ad-Hoc|Any CPU.ActiveCfg = Release|Any CPU
		{F83E5038-8A8D-4F27-B5D5-39C399F0BF34}.Ad-Hoc|Any CPU.Build.0 = Release|Any CPU
		{F83E5038-8A8D-4F27-B5D5-39C399F0BF34}.Ad-Hoc|Any CPU.Deploy.0 = Release|Any CPU
		{F83E5038-8A8D-4F27-B5D5-39C399F0BF34}.Ad-Hoc|ARM.ActiveCfg = Release|Any CPU
		{F83E5038-8A8D-4F27-B5D5-39C399F0BF34}.Ad-Hoc|ARM.Build.0 = Release|Any CPU
		{F83E5038-8A8D-4F27-B5D5-39C399F0BF34}.Ad-Hoc|ARM.Deploy.0 = Release|Any CPU
		{F83E5038-8A8D-4F27-B5D5-39C399F0BF34}.Ad-Hoc|iPhone.ActiveCfg = Release|Any CPU
		{F83E5038-8A8D-4F27-B5D5-39C399F0BF34}.Ad-Hoc|iPhone.Build.0 = Release|Any CPU
		{F83E5038-8A8D-4F27-B5D5-39C399F0BF34}.Ad-Hoc|iPhone.Deploy.0 = Release|Any CPU
		{F83E5038-8A8D-4F27-B5D5-39C399F0BF34}.Ad-Hoc|iPhoneSimulator.ActiveCfg = Release|Any CPU
		{F83E5038-8A8D-4F27-B5D5-39C399F0BF34}.Ad-Hoc|iPhoneSimulator.Build.0 = Release|Any CPU
		{F83E5038-8A8D-4F27-B5D5-39C399F0BF34}.Ad-Hoc|iPhoneSimulator.Deploy.0 = Release|Any CPU
		{F83E5038-8A8D-4F27-B5D5-39C399F0BF34}.Ad-Hoc|x64.ActiveCfg = Release|Any CPU
		{F83E5038-8A8D-4F27-B5D5-39C399F0BF34}.Ad-Hoc|x64.Build.0 = Release|Any CPU
		{F83E5038-8A8D-4F27-B5D5-39C399F0BF34}.Ad-Hoc|x64.Deploy.0 = Release|Any CPU
		{F83E5038-8A8D-4F27-B5D5-39C399F0BF34}.Ad-Hoc|x86.ActiveCfg = Release|Any CPU
		{F83E5038-8A8D-4F27-B5D5-39C399F0BF34}.Ad-Hoc|x86.Build.0 = Release|Any CPU
		{F83E5038-8A8D-4F27-B5D5-39C399F0BF34}.Ad-Hoc|x86.Deploy.0 = Release|Any CPU
		{F83E5038-8A8D-4F27-B5D5-39C399F0BF34}.AppStore|Any CPU.ActiveCfg = Release|Any CPU
		{F83E5038-8A8D-4F27-B5D5-39C399F0BF34}.AppStore|Any CPU.Build.0 = Release|Any CPU
		{F83E5038-8A8D-4F27-B5D5-39C399F0BF34}.AppStore|Any CPU.Deploy.0 = Release|Any CPU
		{F83E5038-8A8D-4F27-B5D5-39C399F0BF34}.AppStore|ARM.ActiveCfg = Release|Any CPU
		{F83E5038-8A8D-4F27-B5D5-39C399F0BF34}.AppStore|ARM.Build.0 = Release|Any CPU
		{F83E5038-8A8D-4F27-B5D5-39C399F0BF34}.AppStore|ARM.Deploy.0 = Release|Any CPU
		{F83E5038-8A8D-4F27-B5D5-39C399F0BF34}.AppStore|iPhone.ActiveCfg = Release|Any CPU
		{F83E5038-8A8D-4F27-B5D5-39C399F0BF34}.AppStore|iPhone.Build.0 = Release|Any CPU
		{F83E5038-8A8D-4F27-B5D5-39C399F0BF34}.AppStore|iPhone.Deploy.0 = Release|Any CPU
		{F83E5038-8A8D-4F27-B5D5-39C399F0BF34}.AppStore|iPhoneSimulator.ActiveCfg = Release|Any CPU
		{F83E5038-8A8D-4F27-B5D5-39C399F0BF34}.AppStore|iPhoneSimulator.Build.0 = Release|Any CPU
		{F83E5038-8A8D-4F27-B5D5-39C399F0BF34}.AppStore|iPhoneSimulator.Deploy.0 = Release|Any CPU
		{F83E5038-8A8D-4F27-B5D5-39C399F0BF34}.AppStore|x64.ActiveCfg = Release|Any CPU
		{F83E5038-8A8D-4F27-B5D5-39C399F0BF34}.AppStore|x64.Build.0 = Release|Any CPU
		{F83E5038-8A8D-4F27-B5D5-39C399F0BF34}.AppStore|x64.Deploy.0 = Release|Any CPU
		{F83E5038-8A8D-4F27-B5D5-39C399F0BF34}.AppStore|x86.ActiveCfg = Release|Any CPU
		{F83E5038-8A8D-4F27-B5D5-39C399F0BF34}.AppStore|x86.Build.0 = Release|Any CPU
		{F83E5038-8A8D-4F27-B5D5-39C399F0BF34}.AppStore|x86.Deploy.0 = Release|Any CPU
		{F83E5038-8A8D-4F27-B5D5-39C399F0BF34}.Debug|Any CPU.ActiveCfg = Debug|Any CPU
		{F83E5038-8A8D-4F27-B5D5-39C399F0BF34}.Debug|Any CPU.Build.0 = Debug|Any CPU
		{F83E5038-8A8D-4F27-B5D5-39C399F0BF34}.Debug|Any CPU.Deploy.0 = Debug|Any CPU
		{F83E5038-8A8D-4F27-B5D5-39C399F0BF34}.Debug|ARM.ActiveCfg = Debug|Any CPU
		{F83E5038-8A8D-4F27-B5D5-39C399F0BF34}.Debug|ARM.Build.0 = Debug|Any CPU
		{F83E5038-8A8D-4F27-B5D5-39C399F0BF34}.Debug|ARM.Deploy.0 = Debug|Any CPU
		{F83E5038-8A8D-4F27-B5D5-39C399F0BF34}.Debug|iPhone.ActiveCfg = Debug|Any CPU
		{F83E5038-8A8D-4F27-B5D5-39C399F0BF34}.Debug|iPhone.Build.0 = Debug|Any CPU
		{F83E5038-8A8D-4F27-B5D5-39C399F0BF34}.Debug|iPhone.Deploy.0 = Debug|Any CPU
		{F83E5038-8A8D-4F27-B5D5-39C399F0BF34}.Debug|iPhoneSimulator.ActiveCfg = Debug|Any CPU
		{F83E5038-8A8D-4F27-B5D5-39C399F0BF34}.Debug|iPhoneSimulator.Build.0 = Debug|Any CPU
		{F83E5038-8A8D-4F27-B5D5-39C399F0BF34}.Debug|iPhoneSimulator.Deploy.0 = Debug|Any CPU
		{F83E5038-8A8D-4F27-B5D5-39C399F0BF34}.Debug|x64.ActiveCfg = Debug|Any CPU
		{F83E5038-8A8D-4F27-B5D5-39C399F0BF34}.Debug|x64.Build.0 = Debug|Any CPU
		{F83E5038-8A8D-4F27-B5D5-39C399F0BF34}.Debug|x64.Deploy.0 = Debug|Any CPU
		{F83E5038-8A8D-4F27-B5D5-39C399F0BF34}.Debug|x86.ActiveCfg = Debug|Any CPU
		{F83E5038-8A8D-4F27-B5D5-39C399F0BF34}.Debug|x86.Build.0 = Debug|Any CPU
		{F83E5038-8A8D-4F27-B5D5-39C399F0BF34}.Debug|x86.Deploy.0 = Debug|Any CPU
		{F83E5038-8A8D-4F27-B5D5-39C399F0BF34}.Release|Any CPU.ActiveCfg = Release|Any CPU
		{F83E5038-8A8D-4F27-B5D5-39C399F0BF34}.Release|Any CPU.Build.0 = Release|Any CPU
		{F83E5038-8A8D-4F27-B5D5-39C399F0BF34}.Release|Any CPU.Deploy.0 = Release|Any CPU
		{F83E5038-8A8D-4F27-B5D5-39C399F0BF34}.Release|ARM.ActiveCfg = Release|Any CPU
		{F83E5038-8A8D-4F27-B5D5-39C399F0BF34}.Release|ARM.Build.0 = Release|Any CPU
		{F83E5038-8A8D-4F27-B5D5-39C399F0BF34}.Release|ARM.Deploy.0 = Release|Any CPU
		{F83E5038-8A8D-4F27-B5D5-39C399F0BF34}.Release|iPhone.ActiveCfg = Release|Any CPU
		{F83E5038-8A8D-4F27-B5D5-39C399F0BF34}.Release|iPhone.Build.0 = Release|Any CPU
		{F83E5038-8A8D-4F27-B5D5-39C399F0BF34}.Release|iPhone.Deploy.0 = Release|Any CPU
		{F83E5038-8A8D-4F27-B5D5-39C399F0BF34}.Release|iPhoneSimulator.ActiveCfg = Release|Any CPU
		{F83E5038-8A8D-4F27-B5D5-39C399F0BF34}.Release|iPhoneSimulator.Build.0 = Release|Any CPU
		{F83E5038-8A8D-4F27-B5D5-39C399F0BF34}.Release|iPhoneSimulator.Deploy.0 = Release|Any CPU
		{F83E5038-8A8D-4F27-B5D5-39C399F0BF34}.Release|x64.ActiveCfg = Release|Any CPU
		{F83E5038-8A8D-4F27-B5D5-39C399F0BF34}.Release|x64.Build.0 = Release|Any CPU
		{F83E5038-8A8D-4F27-B5D5-39C399F0BF34}.Release|x64.Deploy.0 = Release|Any CPU
		{F83E5038-8A8D-4F27-B5D5-39C399F0BF34}.Release|x86.ActiveCfg = Release|Any CPU
		{F83E5038-8A8D-4F27-B5D5-39C399F0BF34}.Release|x86.Build.0 = Release|Any CPU
		{F83E5038-8A8D-4F27-B5D5-39C399F0BF34}.Release|x86.Deploy.0 = Release|Any CPU
		{7CE245B9-0209-4AD7-BD72-103566CF696E}.Ad-Hoc|Any CPU.ActiveCfg = Release|Any CPU
		{7CE245B9-0209-4AD7-BD72-103566CF696E}.Ad-Hoc|Any CPU.Build.0 = Release|Any CPU
		{7CE245B9-0209-4AD7-BD72-103566CF696E}.Ad-Hoc|ARM.ActiveCfg = Release|Any CPU
		{7CE245B9-0209-4AD7-BD72-103566CF696E}.Ad-Hoc|ARM.Build.0 = Release|Any CPU
		{7CE245B9-0209-4AD7-BD72-103566CF696E}.Ad-Hoc|iPhone.ActiveCfg = Release|Any CPU
		{7CE245B9-0209-4AD7-BD72-103566CF696E}.Ad-Hoc|iPhone.Build.0 = Release|Any CPU
		{7CE245B9-0209-4AD7-BD72-103566CF696E}.Ad-Hoc|iPhoneSimulator.ActiveCfg = Release|Any CPU
		{7CE245B9-0209-4AD7-BD72-103566CF696E}.Ad-Hoc|iPhoneSimulator.Build.0 = Release|Any CPU
		{7CE245B9-0209-4AD7-BD72-103566CF696E}.Ad-Hoc|x64.ActiveCfg = Release|Any CPU
		{7CE245B9-0209-4AD7-BD72-103566CF696E}.Ad-Hoc|x64.Build.0 = Release|Any CPU
		{7CE245B9-0209-4AD7-BD72-103566CF696E}.Ad-Hoc|x86.ActiveCfg = Release|Any CPU
		{7CE245B9-0209-4AD7-BD72-103566CF696E}.Ad-Hoc|x86.Build.0 = Release|Any CPU
		{7CE245B9-0209-4AD7-BD72-103566CF696E}.AppStore|Any CPU.ActiveCfg = Release|Any CPU
		{7CE245B9-0209-4AD7-BD72-103566CF696E}.AppStore|Any CPU.Build.0 = Release|Any CPU
		{7CE245B9-0209-4AD7-BD72-103566CF696E}.AppStore|ARM.ActiveCfg = Release|Any CPU
		{7CE245B9-0209-4AD7-BD72-103566CF696E}.AppStore|ARM.Build.0 = Release|Any CPU
		{7CE245B9-0209-4AD7-BD72-103566CF696E}.AppStore|iPhone.ActiveCfg = Release|Any CPU
		{7CE245B9-0209-4AD7-BD72-103566CF696E}.AppStore|iPhone.Build.0 = Release|Any CPU
		{7CE245B9-0209-4AD7-BD72-103566CF696E}.AppStore|iPhoneSimulator.ActiveCfg = Release|Any CPU
		{7CE245B9-0209-4AD7-BD72-103566CF696E}.AppStore|iPhoneSimulator.Build.0 = Release|Any CPU
		{7CE245B9-0209-4AD7-BD72-103566CF696E}.AppStore|x64.ActiveCfg = Release|Any CPU
		{7CE245B9-0209-4AD7-BD72-103566CF696E}.AppStore|x64.Build.0 = Release|Any CPU
		{7CE245B9-0209-4AD7-BD72-103566CF696E}.AppStore|x86.ActiveCfg = Release|Any CPU
		{7CE245B9-0209-4AD7-BD72-103566CF696E}.AppStore|x86.Build.0 = Release|Any CPU
		{7CE245B9-0209-4AD7-BD72-103566CF696E}.Debug|Any CPU.ActiveCfg = Debug|Any CPU
		{7CE245B9-0209-4AD7-BD72-103566CF696E}.Debug|Any CPU.Build.0 = Debug|Any CPU
		{7CE245B9-0209-4AD7-BD72-103566CF696E}.Debug|ARM.ActiveCfg = Debug|Any CPU
		{7CE245B9-0209-4AD7-BD72-103566CF696E}.Debug|ARM.Build.0 = Debug|Any CPU
		{7CE245B9-0209-4AD7-BD72-103566CF696E}.Debug|iPhone.ActiveCfg = Debug|Any CPU
		{7CE245B9-0209-4AD7-BD72-103566CF696E}.Debug|iPhone.Build.0 = Debug|Any CPU
		{7CE245B9-0209-4AD7-BD72-103566CF696E}.Debug|iPhoneSimulator.ActiveCfg = Debug|Any CPU
		{7CE245B9-0209-4AD7-BD72-103566CF696E}.Debug|iPhoneSimulator.Build.0 = Debug|Any CPU
		{7CE245B9-0209-4AD7-BD72-103566CF696E}.Debug|x64.ActiveCfg = Debug|Any CPU
		{7CE245B9-0209-4AD7-BD72-103566CF696E}.Debug|x64.Build.0 = Debug|Any CPU
		{7CE245B9-0209-4AD7-BD72-103566CF696E}.Debug|x86.ActiveCfg = Debug|Any CPU
		{7CE245B9-0209-4AD7-BD72-103566CF696E}.Debug|x86.Build.0 = Debug|Any CPU
		{7CE245B9-0209-4AD7-BD72-103566CF696E}.Release|Any CPU.ActiveCfg = Release|Any CPU
		{7CE245B9-0209-4AD7-BD72-103566CF696E}.Release|Any CPU.Build.0 = Release|Any CPU
		{7CE245B9-0209-4AD7-BD72-103566CF696E}.Release|ARM.ActiveCfg = Release|Any CPU
		{7CE245B9-0209-4AD7-BD72-103566CF696E}.Release|ARM.Build.0 = Release|Any CPU
		{7CE245B9-0209-4AD7-BD72-103566CF696E}.Release|iPhone.ActiveCfg = Release|Any CPU
		{7CE245B9-0209-4AD7-BD72-103566CF696E}.Release|iPhone.Build.0 = Release|Any CPU
		{7CE245B9-0209-4AD7-BD72-103566CF696E}.Release|iPhoneSimulator.ActiveCfg = Release|Any CPU
		{7CE245B9-0209-4AD7-BD72-103566CF696E}.Release|iPhoneSimulator.Build.0 = Release|Any CPU
		{7CE245B9-0209-4AD7-BD72-103566CF696E}.Release|x64.ActiveCfg = Release|Any CPU
		{7CE245B9-0209-4AD7-BD72-103566CF696E}.Release|x64.Build.0 = Release|Any CPU
		{7CE245B9-0209-4AD7-BD72-103566CF696E}.Release|x86.ActiveCfg = Release|Any CPU
		{7CE245B9-0209-4AD7-BD72-103566CF696E}.Release|x86.Build.0 = Release|Any CPU
		{81A9D696-91D8-4360-89F1-4EF372C0D655}.Ad-Hoc|Any CPU.ActiveCfg = Release|x86
		{81A9D696-91D8-4360-89F1-4EF372C0D655}.Ad-Hoc|Any CPU.Build.0 = Release|x86
		{81A9D696-91D8-4360-89F1-4EF372C0D655}.Ad-Hoc|Any CPU.Deploy.0 = Release|x86
		{81A9D696-91D8-4360-89F1-4EF372C0D655}.Ad-Hoc|ARM.ActiveCfg = Release|ARM
		{81A9D696-91D8-4360-89F1-4EF372C0D655}.Ad-Hoc|ARM.Build.0 = Release|ARM
		{81A9D696-91D8-4360-89F1-4EF372C0D655}.Ad-Hoc|ARM.Deploy.0 = Release|ARM
		{81A9D696-91D8-4360-89F1-4EF372C0D655}.Ad-Hoc|iPhone.ActiveCfg = Release|x86
		{81A9D696-91D8-4360-89F1-4EF372C0D655}.Ad-Hoc|iPhone.Build.0 = Release|x86
		{81A9D696-91D8-4360-89F1-4EF372C0D655}.Ad-Hoc|iPhone.Deploy.0 = Release|x86
		{81A9D696-91D8-4360-89F1-4EF372C0D655}.Ad-Hoc|iPhoneSimulator.ActiveCfg = Release|x86
		{81A9D696-91D8-4360-89F1-4EF372C0D655}.Ad-Hoc|iPhoneSimulator.Build.0 = Release|x86
		{81A9D696-91D8-4360-89F1-4EF372C0D655}.Ad-Hoc|iPhoneSimulator.Deploy.0 = Release|x86
		{81A9D696-91D8-4360-89F1-4EF372C0D655}.Ad-Hoc|x64.ActiveCfg = Release|x64
		{81A9D696-91D8-4360-89F1-4EF372C0D655}.Ad-Hoc|x64.Build.0 = Release|x64
		{81A9D696-91D8-4360-89F1-4EF372C0D655}.Ad-Hoc|x64.Deploy.0 = Release|x64
		{81A9D696-91D8-4360-89F1-4EF372C0D655}.Ad-Hoc|x86.ActiveCfg = Release|x86
		{81A9D696-91D8-4360-89F1-4EF372C0D655}.Ad-Hoc|x86.Build.0 = Release|x86
		{81A9D696-91D8-4360-89F1-4EF372C0D655}.Ad-Hoc|x86.Deploy.0 = Release|x86
		{81A9D696-91D8-4360-89F1-4EF372C0D655}.AppStore|Any CPU.ActiveCfg = Release|x86
		{81A9D696-91D8-4360-89F1-4EF372C0D655}.AppStore|Any CPU.Build.0 = Release|x86
		{81A9D696-91D8-4360-89F1-4EF372C0D655}.AppStore|Any CPU.Deploy.0 = Release|x86
		{81A9D696-91D8-4360-89F1-4EF372C0D655}.AppStore|ARM.ActiveCfg = Release|ARM
		{81A9D696-91D8-4360-89F1-4EF372C0D655}.AppStore|ARM.Build.0 = Release|ARM
		{81A9D696-91D8-4360-89F1-4EF372C0D655}.AppStore|ARM.Deploy.0 = Release|ARM
		{81A9D696-91D8-4360-89F1-4EF372C0D655}.AppStore|iPhone.ActiveCfg = Release|x86
		{81A9D696-91D8-4360-89F1-4EF372C0D655}.AppStore|iPhone.Build.0 = Release|x86
		{81A9D696-91D8-4360-89F1-4EF372C0D655}.AppStore|iPhone.Deploy.0 = Release|x86
		{81A9D696-91D8-4360-89F1-4EF372C0D655}.AppStore|iPhoneSimulator.ActiveCfg = Release|x86
		{81A9D696-91D8-4360-89F1-4EF372C0D655}.AppStore|iPhoneSimulator.Build.0 = Release|x86
		{81A9D696-91D8-4360-89F1-4EF372C0D655}.AppStore|iPhoneSimulator.Deploy.0 = Release|x86
		{81A9D696-91D8-4360-89F1-4EF372C0D655}.AppStore|x64.ActiveCfg = Release|x64
		{81A9D696-91D8-4360-89F1-4EF372C0D655}.AppStore|x64.Build.0 = Release|x64
		{81A9D696-91D8-4360-89F1-4EF372C0D655}.AppStore|x64.Deploy.0 = Release|x64
		{81A9D696-91D8-4360-89F1-4EF372C0D655}.AppStore|x86.ActiveCfg = Release|x86
		{81A9D696-91D8-4360-89F1-4EF372C0D655}.AppStore|x86.Build.0 = Release|x86
		{81A9D696-91D8-4360-89F1-4EF372C0D655}.AppStore|x86.Deploy.0 = Release|x86
		{81A9D696-91D8-4360-89F1-4EF372C0D655}.Debug|Any CPU.ActiveCfg = Debug|x86
		{81A9D696-91D8-4360-89F1-4EF372C0D655}.Debug|ARM.ActiveCfg = Debug|ARM
		{81A9D696-91D8-4360-89F1-4EF372C0D655}.Debug|ARM.Build.0 = Debug|ARM
		{81A9D696-91D8-4360-89F1-4EF372C0D655}.Debug|ARM.Deploy.0 = Debug|ARM
		{81A9D696-91D8-4360-89F1-4EF372C0D655}.Debug|iPhone.ActiveCfg = Debug|x86
		{81A9D696-91D8-4360-89F1-4EF372C0D655}.Debug|iPhoneSimulator.ActiveCfg = Debug|x86
		{81A9D696-91D8-4360-89F1-4EF372C0D655}.Debug|x64.ActiveCfg = Debug|x64
		{81A9D696-91D8-4360-89F1-4EF372C0D655}.Debug|x64.Build.0 = Debug|x64
		{81A9D696-91D8-4360-89F1-4EF372C0D655}.Debug|x64.Deploy.0 = Debug|x64
		{81A9D696-91D8-4360-89F1-4EF372C0D655}.Debug|x86.ActiveCfg = Debug|x86
		{81A9D696-91D8-4360-89F1-4EF372C0D655}.Debug|x86.Build.0 = Debug|x86
		{81A9D696-91D8-4360-89F1-4EF372C0D655}.Debug|x86.Deploy.0 = Debug|x86
		{81A9D696-91D8-4360-89F1-4EF372C0D655}.Release|Any CPU.ActiveCfg = Release|x86
		{81A9D696-91D8-4360-89F1-4EF372C0D655}.Release|ARM.ActiveCfg = Release|ARM
		{81A9D696-91D8-4360-89F1-4EF372C0D655}.Release|ARM.Build.0 = Release|ARM
		{81A9D696-91D8-4360-89F1-4EF372C0D655}.Release|ARM.Deploy.0 = Release|ARM
		{81A9D696-91D8-4360-89F1-4EF372C0D655}.Release|iPhone.ActiveCfg = Release|x86
		{81A9D696-91D8-4360-89F1-4EF372C0D655}.Release|iPhoneSimulator.ActiveCfg = Release|x86
		{81A9D696-91D8-4360-89F1-4EF372C0D655}.Release|x64.ActiveCfg = Release|x64
		{81A9D696-91D8-4360-89F1-4EF372C0D655}.Release|x64.Build.0 = Release|x64
		{81A9D696-91D8-4360-89F1-4EF372C0D655}.Release|x64.Deploy.0 = Release|x64
		{81A9D696-91D8-4360-89F1-4EF372C0D655}.Release|x86.ActiveCfg = Release|x86
		{81A9D696-91D8-4360-89F1-4EF372C0D655}.Release|x86.Build.0 = Release|x86
		{81A9D696-91D8-4360-89F1-4EF372C0D655}.Release|x86.Deploy.0 = Release|x86
		{3832FC53-5CF4-4D1A-AECC-8B363B23BC2D}.Ad-Hoc|Any CPU.ActiveCfg = Ad-Hoc|iPhone
		{3832FC53-5CF4-4D1A-AECC-8B363B23BC2D}.Ad-Hoc|ARM.ActiveCfg = Ad-Hoc|iPhone
		{3832FC53-5CF4-4D1A-AECC-8B363B23BC2D}.Ad-Hoc|iPhone.ActiveCfg = Ad-Hoc|iPhone
		{3832FC53-5CF4-4D1A-AECC-8B363B23BC2D}.Ad-Hoc|iPhone.Build.0 = Ad-Hoc|iPhone
		{3832FC53-5CF4-4D1A-AECC-8B363B23BC2D}.Ad-Hoc|iPhoneSimulator.ActiveCfg = Ad-Hoc|iPhoneSimulator
		{3832FC53-5CF4-4D1A-AECC-8B363B23BC2D}.Ad-Hoc|iPhoneSimulator.Build.0 = Ad-Hoc|iPhoneSimulator
		{3832FC53-5CF4-4D1A-AECC-8B363B23BC2D}.Ad-Hoc|x64.ActiveCfg = Ad-Hoc|iPhone
		{3832FC53-5CF4-4D1A-AECC-8B363B23BC2D}.Ad-Hoc|x86.ActiveCfg = Ad-Hoc|iPhone
		{3832FC53-5CF4-4D1A-AECC-8B363B23BC2D}.AppStore|Any CPU.ActiveCfg = AppStore|iPhone
		{3832FC53-5CF4-4D1A-AECC-8B363B23BC2D}.AppStore|ARM.ActiveCfg = AppStore|iPhone
		{3832FC53-5CF4-4D1A-AECC-8B363B23BC2D}.AppStore|iPhone.ActiveCfg = AppStore|iPhone
		{3832FC53-5CF4-4D1A-AECC-8B363B23BC2D}.AppStore|iPhone.Build.0 = AppStore|iPhone
		{3832FC53-5CF4-4D1A-AECC-8B363B23BC2D}.AppStore|iPhoneSimulator.ActiveCfg = AppStore|iPhoneSimulator
		{3832FC53-5CF4-4D1A-AECC-8B363B23BC2D}.AppStore|iPhoneSimulator.Build.0 = AppStore|iPhoneSimulator
		{3832FC53-5CF4-4D1A-AECC-8B363B23BC2D}.AppStore|x64.ActiveCfg = AppStore|iPhone
		{3832FC53-5CF4-4D1A-AECC-8B363B23BC2D}.AppStore|x86.ActiveCfg = AppStore|iPhone
		{3832FC53-5CF4-4D1A-AECC-8B363B23BC2D}.Debug|Any CPU.ActiveCfg = Debug|iPhone
		{3832FC53-5CF4-4D1A-AECC-8B363B23BC2D}.Debug|ARM.ActiveCfg = Debug|iPhone
		{3832FC53-5CF4-4D1A-AECC-8B363B23BC2D}.Debug|iPhone.ActiveCfg = Debug|iPhone
		{3832FC53-5CF4-4D1A-AECC-8B363B23BC2D}.Debug|iPhone.Build.0 = Debug|iPhone
		{3832FC53-5CF4-4D1A-AECC-8B363B23BC2D}.Debug|iPhoneSimulator.ActiveCfg = Debug|iPhoneSimulator
		{3832FC53-5CF4-4D1A-AECC-8B363B23BC2D}.Debug|iPhoneSimulator.Build.0 = Debug|iPhoneSimulator
		{3832FC53-5CF4-4D1A-AECC-8B363B23BC2D}.Debug|x64.ActiveCfg = Debug|iPhone
		{3832FC53-5CF4-4D1A-AECC-8B363B23BC2D}.Debug|x86.ActiveCfg = Debug|iPhone
		{3832FC53-5CF4-4D1A-AECC-8B363B23BC2D}.Release|Any CPU.ActiveCfg = Release|iPhone
		{3832FC53-5CF4-4D1A-AECC-8B363B23BC2D}.Release|ARM.ActiveCfg = Release|iPhone
		{3832FC53-5CF4-4D1A-AECC-8B363B23BC2D}.Release|iPhone.ActiveCfg = Release|iPhone
		{3832FC53-5CF4-4D1A-AECC-8B363B23BC2D}.Release|iPhone.Build.0 = Release|iPhone
		{3832FC53-5CF4-4D1A-AECC-8B363B23BC2D}.Release|iPhoneSimulator.ActiveCfg = Release|iPhoneSimulator
		{3832FC53-5CF4-4D1A-AECC-8B363B23BC2D}.Release|iPhoneSimulator.Build.0 = Release|iPhoneSimulator
		{3832FC53-5CF4-4D1A-AECC-8B363B23BC2D}.Release|x64.ActiveCfg = Release|iPhone
		{3832FC53-5CF4-4D1A-AECC-8B363B23BC2D}.Release|x86.ActiveCfg = Release|iPhone
	EndGlobalSection
	GlobalSection(SolutionProperties) = preSolution
		HideSolutionNode = FALSE
	EndGlobalSection
EndGlobal
